
Microsoft Visual Studio Solution File, Format Version 12.00
# Visual Studio Version 16
VisualStudioVersion = 16.0.32002.261
MinimumVisualStudioVersion = 10.0.40219.1
Project("{2150E333-8FDC-42A3-9474-1A3956D46DE8}") = "1 - Services", "1 - Services", "{D1240082-EAB0-47D5-947C-552844A5D9E7}"
EndProject
Project("{2150E333-8FDC-42A3-9474-1A3956D46DE8}") = "2 - Application", "2 - Application", "{3538CBFC-26E2-4290-B134-0546CE881D20}"
EndProject
Project("{2150E333-8FDC-42A3-9474-1A3956D46DE8}") = "3 - Domain", "3 - Domain", "{C6F9BC32-F78C-4AEE-9C74-9BF538C9ED4A}"
EndProject
Project("{2150E333-8FDC-42A3-9474-1A3956D46DE8}") = "4 - Infra", "4 - Infra", "{448A8FB8-A234-4FB4-801D-3C868A2A6DC8}"
EndProject
Project("{2150E333-8FDC-42A3-9474-1A3956D46DE8}") = "4.1 - Data", "4.1 - Data", "{4D4A9E9A-C060-4F67-B74E-7AFCFA8F93D8}"
EndProject
Project("{FAE04EC0-301F-11D3-BF4B-00C04F79EFBC}") = "ASAP_API.Domain", "ASAP_API.Domain\ASAP_API.Domain.csproj", "{9571F88C-11F1-427D-9B62-91B20001AA94}"
EndProject
Project("{FAE04EC0-301F-11D3-BF4B-00C04F79EFBC}") = "ASAP_API.Service.Api", "ASAP_API.Service.Api\ASAP_API.Service.Api.csproj", "{410D3FBA-D193-472F-BB6B-6CE54D0F4C85}"
EndProject
Project("{FAE04EC0-301F-11D3-BF4B-00C04F79EFBC}") = "ASAP_API.Application", "ASAP_API.Application\ASAP_API.Application.csproj", "{CA756E09-83C2-451D-848A-ED9586099590}"
EndProject
Project("{FAE04EC0-301F-11D3-BF4B-00C04F79EFBC}") = "ASAP_API.Infra.Data", "ASAP_API.Infra.Data\ASAP_API.Infra.Data.csproj", "{54AB72BE-06DE-4CC9-9329-2A0C6A5F55B4}"
EndProject
Project("{FAE04EC0-301F-11D3-BF4B-00C04F79EFBC}") = "ASP_API.Domain.Core", "ASP_API.Domain.Core\ASP_API.Domain.Core.csproj", "{77F75320-5072-43DF-867D-C04B1BFD3CAF}"
EndProject
Project("{2150E333-8FDC-42A3-9474-1A3956D46DE8}") = "4.2 - CrossCutting", "4.2 - CrossCutting", "{C8C87E15-5C44-4F68-9135-8C0E44F82E46}"
EndProject
Project("{FAE04EC0-301F-11D3-BF4B-00C04F79EFBC}") = "ASAP_API.Infra.CrossCutting.IoC", "ASAP_API.Infra.CrossCutting.IoC\ASAP_API.Infra.CrossCutting.IoC.csproj", "{E656F3FF-A6DA-4805-9DCC-84DE291BFBD5}"
EndProject
Global
	GlobalSection(SolutionConfigurationPlatforms) = preSolution
		Debug|Any CPU = Debug|Any CPU
		Release|Any CPU = Release|Any CPU
	EndGlobalSection
	GlobalSection(ProjectConfigurationPlatforms) = postSolution
		{9571F88C-11F1-427D-9B62-91B20001AA94}.Debug|Any CPU.ActiveCfg = Debug|Any CPU
		{9571F88C-11F1-427D-9B62-91B20001AA94}.Debug|Any CPU.Build.0 = Debug|Any CPU
		{9571F88C-11F1-427D-9B62-91B20001AA94}.Release|Any CPU.ActiveCfg = Release|Any CPU
		{9571F88C-11F1-427D-9B62-91B20001AA94}.Release|Any CPU.Build.0 = Release|Any CPU
		{410D3FBA-D193-472F-BB6B-6CE54D0F4C85}.Debug|Any CPU.ActiveCfg = Debug|Any CPU
		{410D3FBA-D193-472F-BB6B-6CE54D0F4C85}.Debug|Any CPU.Build.0 = Debug|Any CPU
		{410D3FBA-D193-472F-BB6B-6CE54D0F4C85}.Release|Any CPU.ActiveCfg = Release|Any CPU
		{410D3FBA-D193-472F-BB6B-6CE54D0F4C85}.Release|Any CPU.Build.0 = Release|Any CPU
		{CA756E09-83C2-451D-848A-ED9586099590}.Debug|Any CPU.ActiveCfg = Debug|Any CPU
		{CA756E09-83C2-451D-848A-ED9586099590}.Debug|Any CPU.Build.0 = Debug|Any CPU
		{CA756E09-83C2-451D-848A-ED9586099590}.Release|Any CPU.ActiveCfg = Release|Any CPU
		{CA756E09-83C2-451D-848A-ED9586099590}.Release|Any CPU.Build.0 = Release|Any CPU
		{54AB72BE-06DE-4CC9-9329-2A0C6A5F55B4}.Debug|Any CPU.ActiveCfg = Debug|Any CPU
		{54AB72BE-06DE-4CC9-9329-2A0C6A5F55B4}.Debug|Any CPU.Build.0 = Debug|Any CPU
		{54AB72BE-06DE-4CC9-9329-2A0C6A5F55B4}.Release|Any CPU.ActiveCfg = Release|Any CPU
		{54AB72BE-06DE-4CC9-9329-2A0C6A5F55B4}.Release|Any CPU.Build.0 = Release|Any CPU
		{77F75320-5072-43DF-867D-C04B1BFD3CAF}.Debug|Any CPU.ActiveCfg = Debug|Any CPU
		{77F75320-5072-43DF-867D-C04B1BFD3CAF}.Debug|Any CPU.Build.0 = Debug|Any CPU
		{77F75320-5072-43DF-867D-C04B1BFD3CAF}.Release|Any CPU.ActiveCfg = Release|Any CPU
		{77F75320-5072-43DF-867D-C04B1BFD3CAF}.Release|Any CPU.Build.0 = Release|Any CPU
		{E656F3FF-A6DA-4805-9DCC-84DE291BFBD5}.Debug|Any CPU.ActiveCfg = Debug|Any CPU
		{E656F3FF-A6DA-4805-9DCC-84DE291BFBD5}.Debug|Any CPU.Build.0 = Debug|Any CPU
		{E656F3FF-A6DA-4805-9DCC-84DE291BFBD5}.Release|Any CPU.ActiveCfg = Release|Any CPU
		{E656F3FF-A6DA-4805-9DCC-84DE291BFBD5}.Release|Any CPU.Build.0 = Release|Any CPU
	EndGlobalSection
	GlobalSection(SolutionProperties) = preSolution
		HideSolutionNode = FALSE
	EndGlobalSection
	GlobalSection(NestedProjects) = preSolution
		{4D4A9E9A-C060-4F67-B74E-7AFCFA8F93D8} = {448A8FB8-A234-4FB4-801D-3C868A2A6DC8}
		{9571F88C-11F1-427D-9B62-91B20001AA94} = {C6F9BC32-F78C-4AEE-9C74-9BF538C9ED4A}
		{410D3FBA-D193-472F-BB6B-6CE54D0F4C85} = {D1240082-EAB0-47D5-947C-552844A5D9E7}
		{CA756E09-83C2-451D-848A-ED9586099590} = {3538CBFC-26E2-4290-B134-0546CE881D20}
		{54AB72BE-06DE-4CC9-9329-2A0C6A5F55B4} = {4D4A9E9A-C060-4F67-B74E-7AFCFA8F93D8}
		{77F75320-5072-43DF-867D-C04B1BFD3CAF} = {C6F9BC32-F78C-4AEE-9C74-9BF538C9ED4A}
		{C8C87E15-5C44-4F68-9135-8C0E44F82E46} = {448A8FB8-A234-4FB4-801D-3C868A2A6DC8}
		{E656F3FF-A6DA-4805-9DCC-84DE291BFBD5} = {C8C87E15-5C44-4F68-9135-8C0E44F82E46}
	EndGlobalSection
	GlobalSection(ExtensibilityGlobals) = postSolution
		SolutionGuid = {6D024082-37E4-447D-80D8-0928C7625098}
	EndGlobalSection
EndGlobal
